Microsoft Visual Studio Solution File, Format Version 12.00
# Visual Studio Version 17
VisualStudioVersion = 17.5.2.0
MinimumVisualStudioVersion = 10.0.40219.1
Project("{FAE04EC0-301F-11D3-BF4B-00C04F79EFBC}") = "FoodAndMedicationCS", "FoodAndMedicationCS.csproj", "{1302FCA0-8AE8-5137-B8D9-4C3C477B92E5}"
EndProject
Global
	GlobalSection(SolutionConfigurationPlatforms) = preSolution
		Debug|Any CPU = Debug|Any CPU
		Release|Any CPU = Release|Any CPU
	EndGlobalSection
	GlobalSection(ProjectConfigurationPlatforms) = postSolution
		{1302FCA0-8AE8-5137-B8D9-4C3C477B92E5}.Debug|Any CPU.ActiveCfg = Debug|Any CPU
		{1302FCA0-8AE8-5137-B8D9-4C3C477B92E5}.Debug|Any CPU.Build.0 = Debug|Any CPU
		{1302FCA0-8AE8-5137-B8D9-4C3C477B92E5}.Release|Any CPU.ActiveCfg = Release|Any CPU
		{1302FCA0-8AE8-5137-B8D9-4C3C477B92E5}.Release|Any CPU.Build.0 = Release|Any CPU
	EndGlobalSection
	GlobalSection(SolutionProperties) = preSolution
		HideSolutionNode = FALSE
	EndGlobalSection
	GlobalSection(ExtensibilityGlobals) = postSolution
		SolutionGuid = {5827C910-9705-485C-9F8D-AC728F8269CD}
	EndGlobalSection
EndGlobal
